
Microsoft Visual Studio Solution File, Format Version 12.00
# Visual Studio Version 17
VisualStudioVersion = 17.8.34525.116
MinimumVisualStudioVersion = 10.0.40219.1
Project("{FAE04EC0-301F-11D3-BF4B-00C04F79EFBC}") = "ActivityRegistrator.API", "ActivityRegistrator.API\ActivityRegistrator.API.csproj", "{978F4AE5-C6DF-420B-8A4B-E567AE85BF38}"
EndProject
Global
	GlobalSection(SolutionConfigurationPlatforms) = preSolution
		Debug|Any CPU = Debug|Any CPU
		Release|Any CPU = Release|Any CPU
	EndGlobalSection
	GlobalSection(ProjectConfigurationPlatforms) = postSolution
		{978F4AE5-C6DF-420B-8A4B-E567AE85BF38}.Debug|Any CPU.ActiveCfg = Debug|Any CPU
		{978F4AE5-C6DF-420B-8A4B-E567AE85BF38}.Debug|Any CPU.Build.0 = Debug|Any CPU
		{978F4AE5-C6DF-420B-8A4B-E567AE85BF38}.Release|Any CPU.ActiveCfg = Release|Any CPU
		{978F4AE5-C6DF-420B-8A4B-E567AE85BF38}.Release|Any CPU.Build.0 = Release|Any CPU
	EndGlobalSection
	GlobalSection(SolutionProperties) = preSolution
		HideSolutionNode = FALSE
	EndGlobalSection
	GlobalSection(ExtensibilityGlobals) = postSolution
		SolutionGuid = {97EF568F-1312-44E5-AA27-C620F631159E}
	EndGlobalSection
EndGlobal
